
Microsoft Visual Studio Solution File, Format Version 12.00
# Visual Studio Version 16
VisualStudioVersion = 16.0.30711.63
MinimumVisualStudioVersion = 10.0.40219.1
Project("{9A19103F-16F7-4668-BE54-9A1E7A4F7556}") = "LojaCompreAqui.Business", "src\LojaCompreAqui.Business\LojaCompreAqui.Business.csproj", "{70310DD4-ACD8-4ABD-A3F2-B27AA491A3B9}"
EndProject
Project("{9A19103F-16F7-4668-BE54-9A1E7A4F7556}") = "LojaCompreAqui.App", "src\LojaCompreAqui.App\LojaCompreAqui.App.csproj", "{1D0CF7A5-86D7-40B7-8A45-8521B3668510}"
EndProject
Project("{FAE04EC0-301F-11D3-BF4B-00C04F79EFBC}") = "LojaCompreAqui.Data", "src\LojaCompreAqui.Data\LojaCompreAqui.Data.csproj", "{BA18556C-B0D9-4729-BED9-6CD4DFF9C1DB}"
EndProject
Global
	GlobalSection(SolutionConfigurationPlatforms) = preSolution
		Debug|Any CPU = Debug|Any CPU
		Release|Any CPU = Release|Any CPU
	EndGlobalSection
	GlobalSection(ProjectConfigurationPlatforms) = postSolution
		{70310DD4-ACD8-4ABD-A3F2-B27AA491A3B9}.Debug|Any CPU.ActiveCfg = Debug|Any CPU
		{70310DD4-ACD8-4ABD-A3F2-B27AA491A3B9}.Debug|Any CPU.Build.0 = Debug|Any CPU
		{70310DD4-ACD8-4ABD-A3F2-B27AA491A3B9}.Release|Any CPU.ActiveCfg = Release|Any CPU
		{70310DD4-ACD8-4ABD-A3F2-B27AA491A3B9}.Release|Any CPU.Build.0 = Release|Any CPU
		{1D0CF7A5-86D7-40B7-8A45-8521B3668510}.Debug|Any CPU.ActiveCfg = Debug|Any CPU
		{1D0CF7A5-86D7-40B7-8A45-8521B3668510}.Debug|Any CPU.Build.0 = Debug|Any CPU
		{1D0CF7A5-86D7-40B7-8A45-8521B3668510}.Release|Any CPU.ActiveCfg = Release|Any CPU
		{1D0CF7A5-86D7-40B7-8A45-8521B3668510}.Release|Any CPU.Build.0 = Release|Any CPU
		{BA18556C-B0D9-4729-BED9-6CD4DFF9C1DB}.Debug|Any CPU.ActiveCfg = Debug|Any CPU
		{BA18556C-B0D9-4729-BED9-6CD4DFF9C1DB}.Debug|Any CPU.Build.0 = Debug|Any CPU
		{BA18556C-B0D9-4729-BED9-6CD4DFF9C1DB}.Release|Any CPU.ActiveCfg = Release|Any CPU
		{BA18556C-B0D9-4729-BED9-6CD4DFF9C1DB}.Release|Any CPU.Build.0 = Release|Any CPU
	EndGlobalSection
	GlobalSection(SolutionProperties) = preSolution
		HideSolutionNode = FALSE
	EndGlobalSection
	GlobalSection(ExtensibilityGlobals) = postSolution
		SolutionGuid = {EC183243-78A5-4720-B2E7-D30B7E65D511}
	EndGlobalSection
EndGlobal
